Microsoft Visual Studio Solution File, Format Version 12.00
# Visual Studio Version 17
VisualStudioVersion = 17.5.2.0
MinimumVisualStudioVersion = 10.0.40219.1
Project("{FAE04EC0-301F-11D3-BF4B-00C04F79EFBC}") = "DotNetMacCatalystSample", "DotNetMacCatalystSample.csproj", "{58921D34-F1E3-FCCB-9E7F-50371FE64052}"
EndProject
Global
	GlobalSection(SolutionConfigurationPlatforms) = preSolution
		Debug|Any CPU = Debug|Any CPU
		Release|Any CPU = Release|Any CPU
	EndGlobalSection
	GlobalSection(ProjectConfigurationPlatforms) = postSolution
		{58921D34-F1E3-FCCB-9E7F-50371FE64052}.Debug|Any CPU.ActiveCfg = Debug|Any CPU
		{58921D34-F1E3-FCCB-9E7F-50371FE64052}.Debug|Any CPU.Build.0 = Debug|Any CPU
		{58921D34-F1E3-FCCB-9E7F-50371FE64052}.Release|Any CPU.ActiveCfg = Release|Any CPU
		{58921D34-F1E3-FCCB-9E7F-50371FE64052}.Release|Any CPU.Build.0 = Release|Any CPU
	EndGlobalSection
	GlobalSection(SolutionProperties) = preSolution
		HideSolutionNode = FALSE
	EndGlobalSection
	GlobalSection(ExtensibilityGlobals) = postSolution
		SolutionGuid = {A1991507-37CC-4AAA-8864-EAB2A8425941}
	EndGlobalSection
EndGlobal
