Microsoft Visual Studio Solution File, Format Version 12.00
# Visual Studio Version 17
VisualStudioVersion = 17.5.2.0
MinimumVisualStudioVersion = 10.0.40219.1
Project("{FAE04EC0-301F-11D3-BF4B-00C04F79EFBC}") = "Nutrient.dotnet.iOS.Instant", "Nutrient.dotnet.iOS.Instant.csproj", "{5FCC2EE1-511E-967E-32B9-CD0BC985B424}"
EndProject
Global
	GlobalSection(SolutionConfigurationPlatforms) = preSolution
		Debug|Any CPU = Debug|Any CPU
		Release|Any CPU = Release|Any CPU
	EndGlobalSection
	GlobalSection(ProjectConfigurationPlatforms) = postSolution
		{5FCC2EE1-511E-967E-32B9-CD0BC985B424}.Debug|Any CPU.ActiveCfg = Debug|Any CPU
		{5FCC2EE1-511E-967E-32B9-CD0BC985B424}.Debug|Any CPU.Build.0 = Debug|Any CPU
		{5FCC2EE1-511E-967E-32B9-CD0BC985B424}.Release|Any CPU.ActiveCfg = Release|Any CPU
		{5FCC2EE1-511E-967E-32B9-CD0BC985B424}.Release|Any CPU.Build.0 = Release|Any CPU
	EndGlobalSection
	GlobalSection(SolutionProperties) = preSolution
		HideSolutionNode = FALSE
	EndGlobalSection
	GlobalSection(ExtensibilityGlobals) = postSolution
		SolutionGuid = {0F5FB8EB-7DA4-4386-958D-D9120B8E0428}
	EndGlobalSection
EndGlobal
